
Microsoft Visual Studio Solution File, Format Version 12.00
# Visual Studio Version 17
VisualStudioVersion = 17.11.35303.130
MinimumVisualStudioVersion = 10.0.40219.1
Project("{FAE04EC0-301F-11D3-BF4B-00C04F79EFBC}") = "Quiz", "Quiz\Quiz.csproj", "{60D6E6B6-B067-4726-BE64-49D6B3B30940}"
EndProject
Global
	GlobalSection(SolutionConfigurationPlatforms) = preSolution
		Debug|Any CPU = Debug|Any CPU
		Release|Any CPU = Release|Any CPU
	EndGlobalSection
	GlobalSection(ProjectConfigurationPlatforms) = postSolution
		{60D6E6B6-B067-4726-BE64-49D6B3B30940}.Debug|Any CPU.ActiveCfg = Debug|Any CPU
		{60D6E6B6-B067-4726-BE64-49D6B3B30940}.Debug|Any CPU.Build.0 = Debug|Any CPU
		{60D6E6B6-B067-4726-BE64-49D6B3B30940}.Release|Any CPU.ActiveCfg = Release|Any CPU
		{60D6E6B6-B067-4726-BE64-49D6B3B30940}.Release|Any CPU.Build.0 = Release|Any CPU
	EndGlobalSection
	GlobalSection(SolutionProperties) = preSolution
		HideSolutionNode = FALSE
	EndGlobalSection
	GlobalSection(ExtensibilityGlobals) = postSolution
		SolutionGuid = {270235CA-AAF8-4D8C-AD91-0FAD5A5B56D8}
	EndGlobalSection
EndGlobal
